
Microsoft Visual Studio Solution File, Format Version 12.00
# Visual Studio Version 16
VisualStudioVersion = 16.0.31321.278
MinimumVisualStudioVersion = 10.0.40219.1
Project("{FAE04EC0-301F-11D3-BF4B-00C04F79EFBC}") = "CameraWebApi", "CameraWebApi.csproj", "{F3992C00-6CD7-4F7A-893C-2963CDA4E52E}"
EndProject
Project("{FAE04EC0-301F-11D3-BF4B-00C04F79EFBC}") = "CameraApiTests", "..\CameraApiTests\CameraApiTests.csproj", "{FD255009-31D7-4EE5-8499-2299CBFB1661}"
EndProject
Global
	GlobalSection(SolutionConfigurationPlatforms) = preSolution
		Debug|Any CPU = Debug|Any CPU
		Release|Any CPU = Release|Any CPU
	EndGlobalSection
	GlobalSection(ProjectConfigurationPlatforms) = postSolution
		{F3992C00-6CD7-4F7A-893C-2963CDA4E52E}.Debug|Any CPU.ActiveCfg = Debug|Any CPU
		{F3992C00-6CD7-4F7A-893C-2963CDA4E52E}.Debug|Any CPU.Build.0 = Debug|Any CPU
		{F3992C00-6CD7-4F7A-893C-2963CDA4E52E}.Release|Any CPU.ActiveCfg = Release|Any CPU
		{F3992C00-6CD7-4F7A-893C-2963CDA4E52E}.Release|Any CPU.Build.0 = Release|Any CPU
		{FD255009-31D7-4EE5-8499-2299CBFB1661}.Debug|Any CPU.ActiveCfg = Debug|Any CPU
		{FD255009-31D7-4EE5-8499-2299CBFB1661}.Debug|Any CPU.Build.0 = Debug|Any CPU
		{FD255009-31D7-4EE5-8499-2299CBFB1661}.Release|Any CPU.ActiveCfg = Release|Any CPU
		{FD255009-31D7-4EE5-8499-2299CBFB1661}.Release|Any CPU.Build.0 = Release|Any CPU
	EndGlobalSection
	GlobalSection(SolutionProperties) = preSolution
		HideSolutionNode = FALSE
	EndGlobalSection
	GlobalSection(ExtensibilityGlobals) = postSolution
		SolutionGuid = {3F1B5C1F-A2C9-4A0C-B73E-0CE1E1C9F703}
	EndGlobalSection
EndGlobal
